
Microsoft Visual Studio Solution File, Format Version 12.00
# Visual Studio Version 16
VisualStudioVersion = 16.0.30002.166
MinimumVisualStudioVersion = 10.0.40219.1
Project("{FAE04EC0-301F-11D3-BF4B-00C04F79EFBC}") = "Stealer", "Stealer.csproj", "{D0615A53-CAC0-4EA9-BC41-14E6C2233F19}"
EndProject
Global
	GlobalSection(SolutionConfigurationPlatforms) = preSolution
		Debug|Any CPU = Debug|Any CPU
		Debug|x64 = Debug|x64
		Release|Any CPU = Release|Any CPU
		Release|x64 = Release|x64
	EndGlobalSection
	GlobalSection(ProjectConfigurationPlatforms) = postSolution
		{D0615A53-CAC0-4EA9-BC41-14E6C2233F19}.Debug|Any CPU.ActiveCfg = Debug|Any CPU
		{D0615A53-CAC0-4EA9-BC41-14E6C2233F19}.Debug|Any CPU.Build.0 = Debug|Any CPU
		{D0615A53-CAC0-4EA9-BC41-14E6C2233F19}.Debug|x64.ActiveCfg = Debug|x64
		{D0615A53-CAC0-4EA9-BC41-14E6C2233F19}.Debug|x64.Build.0 = Debug|x64
		{D0615A53-CAC0-4EA9-BC41-14E6C2233F19}.Release|Any CPU.ActiveCfg = Release|Any CPU
		{D0615A53-CAC0-4EA9-BC41-14E6C2233F19}.Release|Any CPU.Build.0 = Release|Any CPU
		{D0615A53-CAC0-4EA9-BC41-14E6C2233F19}.Release|x64.ActiveCfg = Release|x64
		{D0615A53-CAC0-4EA9-BC41-14E6C2233F19}.Release|x64.Build.0 = Release|x64
	EndGlobalSection
	GlobalSection(SolutionProperties) = preSolution
		HideSolutionNode = FALSE
	EndGlobalSection
	GlobalSection(ExtensibilityGlobals) = postSolution
		SolutionGuid = {51005461-6684-412B-B7E9-4BA8384B5D20}
	EndGlobalSection
EndGlobal
